{
    "name": "@exotic/auth-bff",
    "version": "0.1.0",
    "lockfileVersion": 3,
    "requires": true,
    "packages": {
        "": {
            "name": "@exotic/auth-bff",
            "version": "0.1.0",
            "dependencies": {
                "@fastify/cookie": "^9.0.0",
                "@fastify/cors": "^9.0.0",
                "@fastify/rate-limit": "^8.0.0",
                "@fastify/sensible": "^4.0.1",
                "@supabase/supabase-js": "^2.57.4",
                "dotenv": "^16.4.5",
                "fast-jwt": "^6.0.2",
                "fastify": "^4.28.1",
                "openid-client": "^5.6.4",
                "pino": "^9.2.0",
                "sharp": "^0.33.5",
                "zod": "^3.25.6"
            },
            "devDependencies": {
                "@types/node": "^22.8.5",
                "tsx": "^4.19.2",
                "typescript": "^5.8.3"
            }
        },
        "../../../..": {
            "extraneous": true,
            "dependencies": {
                "@fastify/cors": "^10.0.1",
                "@fastify/multipart": "^8.3.1",
                "@fontsource/inter": "^5.2.8",
                "@motionone/react": "^10.16.4",
                "@xstate/react": "^4.1.3",
                "fast-jwt": "^6.2.0",
                "iceberg-js": "^0.8.1",
                "motion": "npm:@motionone/dom@^10.18.0",
                "ogl": "^1.0.11",
                "xstate": "^5.24.0"
            },
            "devDependencies": {
                "@tailwindcss/postcss": "^4.2.2",
                "get-tsconfig": "^4.13.0"
            }
        },
        "node_modules/@emnapi/runtime": {
            "version": "1.9.2",
            "resolved": "https://registry.npmjs.org/@emnapi/runtime/-/runtime-1.9.2.tgz",
            "integrity": "sha512-3U4+MIWHImeyu1wnmVygh5WlgfYDtyf0k8AbLhMFxOipihf6nrWC4syIm/SwEeec0mNSafiiNnMJwbza/Is6Lw==",
            "license": "MIT",
            "optional": true,
            "dependencies": {
                "tslib": "^2.4.0"
            }
        },
        "node_modules/@esbuild/win32-x64": {
            "version": "0.27.7",
            "cpu": [
                "x64"
            ],
            "dev": true,
            "license": "MIT",
            "optional": true,
            "os": [
                "win32"
            ],
            "engines": {
                "node": ">=18"
            }
        },
        "node_modules/@fastify/ajv-compiler": {
            "version": "3.6.0",
            "license": "MIT",
            "dependencies": {
                "ajv": "^8.11.0",
                "ajv-formats": "^2.1.1",
                "fast-uri": "^2.0.0"
            }
        },
        "node_modules/@fastify/cookie": {
            "version": "9.4.0",
            "license": "MIT",
            "dependencies": {
                "cookie-signature": "^1.1.0",
                "fastify-plugin": "^4.0.0"
            }
        },
        "node_modules/@fastify/cors": {
            "version": "9.0.1",
            "license": "MIT",
            "dependencies": {
                "fastify-plugin": "^4.0.0",
                "mnemonist": "0.39.6"
            }
        },
        "node_modules/@fastify/error": {
            "version": "3.4.1",
            "license": "MIT"
        },
        "node_modules/@fastify/fast-json-stringify-compiler": {
            "version": "4.3.0",
            "license": "MIT",
            "dependencies": {
                "fast-json-stringify": "^5.7.0"
            }
        },
        "node_modules/@fastify/merge-json-schemas": {
            "version": "0.1.1",
            "license": "MIT",
            "dependencies": {
                "fast-deep-equal": "^3.1.3"
            }
        },
        "node_modules/@fastify/rate-limit": {
            "version": "8.1.1",
            "license": "MIT",
            "dependencies": {
                "fastify-plugin": "^4.0.0",
                "ms": "^2.1.3",
                "tiny-lru": "^11.0.0"
            }
        },
        "node_modules/@fastify/sensible": {
            "version": "4.1.0",
            "license": "MIT",
            "dependencies": {
                "fast-deep-equal": "^3.1.1",
                "fastify-plugin": "^3.0.0",
                "forwarded": "^0.2.0",
                "http-errors": "^2.0.0",
                "ms": "^2.1.3",
                "type-is": "^1.6.18",
                "vary": "^1.1.2"
            },
            "engines": {
                "node": ">=14.0.0"
            }
        },
        "node_modules/@fastify/sensible/node_modules/fastify-plugin": {
            "version": "3.0.1",
            "license": "MIT"
        },
        "node_modules/@img/sharp-darwin-arm64": {
            "version": "0.33.5",
            "resolved": "https://registry.npmjs.org/@img/sharp-darwin-arm64/-/sharp-darwin-arm64-0.33.5.tgz",
            "integrity": "sha512-UT4p+iz/2H4twwAoLCqfA9UH5pI6DggwKEGuaPy7nCVQ8ZsiY5PIcrRvD1DzuY3qYL07NtIQcWnBSY/heikIFQ==",
            "cpu": [
                "arm64"
            ],
            "license": "Apache-2.0",
            "optional": true,
            "os": [
                "darwin"
            ],
            "engines": {
                "node": "^18.17.0 || ^20.3.0 || >=21.0.0"
            },
            "funding": {
                "url": "https://opencollective.com/libvips"
            },
            "optionalDependencies": {
                "@img/sharp-libvips-darwin-arm64": "1.0.4"
            }
        },
        "node_modules/@img/sharp-darwin-x64": {
            "version": "0.33.5",
            "resolved": "https://registry.npmjs.org/@img/sharp-darwin-x64/-/sharp-darwin-x64-0.33.5.tgz",
            "integrity": "sha512-fyHac4jIc1ANYGRDxtiqelIbdWkIuQaI84Mv45KvGRRxSAa7o7d1ZKAOBaYbnepLC1WqxfpimdeWfvqqSGwR2Q==",
            "cpu": [
                "x64"
            ],
            "license": "Apache-2.0",
            "optional": true,
            "os": [
                "darwin"
            ],
            "engines": {
                "node": "^18.17.0 || ^20.3.0 || >=21.0.0"
            },
            "funding": {
                "url": "https://opencollective.com/libvips"
            },
            "optionalDependencies": {
                "@img/sharp-libvips-darwin-x64": "1.0.4"
            }
        },
        "node_modules/@img/sharp-libvips-darwin-arm64": {
            "version": "1.0.4",
            "resolved": "https://registry.npmjs.org/@img/sharp-libvips-darwin-arm64/-/sharp-libvips-darwin-arm64-1.0.4.tgz",
            "integrity": "sha512-XblONe153h0O2zuFfTAbQYAX2JhYmDHeWikp1LM9Hul9gVPjFY427k6dFEcOL72O01QxQsWi761svJ/ev9xEDg==",
            "cpu": [
                "arm64"
            ],
            "license": "LGPL-3.0-or-later",
            "optional": true,
            "os": [
                "darwin"
            ],
            "funding": {
                "url": "https://opencollective.com/libvips"
            }
        },
        "node_modules/@img/sharp-libvips-darwin-x64": {
            "version": "1.0.4",
            "resolved": "https://registry.npmjs.org/@img/sharp-libvips-darwin-x64/-/sharp-libvips-darwin-x64-1.0.4.tgz",
            "integrity": "sha512-xnGR8YuZYfJGmWPvmlunFaWJsb9T/AO2ykoP3Fz/0X5XV2aoYBPkX6xqCQvUTKKiLddarLaxpzNe+b1hjeWHAQ==",
            "cpu": [
                "x64"
            ],
            "license": "LGPL-3.0-or-later",
            "optional": true,
            "os": [
                "darwin"
            ],
            "funding": {
                "url": "https://opencollective.com/libvips"
            }
        },
        "node_modules/@img/sharp-libvips-linux-arm": {
            "version": "1.0.5",
            "resolved": "https://registry.npmjs.org/@img/sharp-libvips-linux-arm/-/sharp-libvips-linux-arm-1.0.5.tgz",
            "integrity": "sha512-gvcC4ACAOPRNATg/ov8/MnbxFDJqf/pDePbBnuBDcjsI8PssmjoKMAz4LtLaVi+OnSb5FK/yIOamqDwGmXW32g==",
            "cpu": [
                "arm"
            ],
            "license": "LGPL-3.0-or-later",
            "optional": true,
            "os": [
                "linux"
            ],
            "funding": {
                "url": "https://opencollective.com/libvips"
            }
        },
        "node_modules/@img/sharp-libvips-linux-arm64": {
            "version": "1.0.4",
            "resolved": "https://registry.npmjs.org/@img/sharp-libvips-linux-arm64/-/sharp-libvips-linux-arm64-1.0.4.tgz",
            "integrity": "sha512-9B+taZ8DlyyqzZQnoeIvDVR/2F4EbMepXMc/NdVbkzsJbzkUjhXv/70GQJ7tdLA4YJgNP25zukcxpX2/SueNrA==",
            "cpu": [
                "arm64"
            ],
            "license": "LGPL-3.0-or-later",
            "optional": true,
            "os": [
                "linux"
            ],
            "funding": {
                "url": "https://opencollective.com/libvips"
            }
        },
        "node_modules/@img/sharp-libvips-linux-s390x": {
            "version": "1.0.4",
            "resolved": "https://registry.npmjs.org/@img/sharp-libvips-linux-s390x/-/sharp-libvips-linux-s390x-1.0.4.tgz",
            "integrity": "sha512-u7Wz6ntiSSgGSGcjZ55im6uvTrOxSIS8/dgoVMoiGE9I6JAfU50yH5BoDlYA1tcuGS7g/QNtetJnxA6QEsCVTA==",
            "cpu": [
                "s390x"
            ],
            "license": "LGPL-3.0-or-later",
            "optional": true,
            "os": [
                "linux"
            ],
            "funding": {
                "url": "https://opencollective.com/libvips"
            }
        },
        "node_modules/@img/sharp-libvips-linux-x64": {
            "version": "1.0.4",
            "resolved": "https://registry.npmjs.org/@img/sharp-libvips-linux-x64/-/sharp-libvips-linux-x64-1.0.4.tgz",
            "integrity": "sha512-MmWmQ3iPFZr0Iev+BAgVMb3ZyC4KeFc3jFxnNbEPas60e1cIfevbtuyf9nDGIzOaW9PdnDciJm+wFFaTlj5xYw==",
            "cpu": [
                "x64"
            ],
            "license": "LGPL-3.0-or-later",
            "optional": true,
            "os": [
                "linux"
            ],
            "funding": {
                "url": "https://opencollective.com/libvips"
            }
        },
        "node_modules/@img/sharp-libvips-linuxmusl-arm64": {
            "version": "1.0.4",
            "resolved": "https://registry.npmjs.org/@img/sharp-libvips-linuxmusl-arm64/-/sharp-libvips-linuxmusl-arm64-1.0.4.tgz",
            "integrity": "sha512-9Ti+BbTYDcsbp4wfYib8Ctm1ilkugkA/uscUn6UXK1ldpC1JjiXbLfFZtRlBhjPZ5o1NCLiDbg8fhUPKStHoTA==",
            "cpu": [
                "arm64"
            ],
            "license": "LGPL-3.0-or-later",
            "optional": true,
            "os": [
                "linux"
            ],
            "funding": {
                "url": "https://opencollective.com/libvips"
            }
        },
        "node_modules/@img/sharp-libvips-linuxmusl-x64": {
            "version": "1.0.4",
            "resolved": "https://registry.npmjs.org/@img/sharp-libvips-linuxmusl-x64/-/sharp-libvips-linuxmusl-x64-1.0.4.tgz",
            "integrity": "sha512-viYN1KX9m+/hGkJtvYYp+CCLgnJXwiQB39damAO7WMdKWlIhmYTfHjwSbQeUK/20vY154mwezd9HflVFM1wVSw==",
            "cpu": [
                "x64"
            ],
            "license": "LGPL-3.0-or-later",
            "optional": true,
            "os": [
                "linux"
            ],
            "funding": {
                "url": "https://opencollective.com/libvips"
            }
        },
        "node_modules/@img/sharp-linux-arm": {
            "version": "0.33.5",
            "resolved": "https://registry.npmjs.org/@img/sharp-linux-arm/-/sharp-linux-arm-0.33.5.tgz",
            "integrity": "sha512-JTS1eldqZbJxjvKaAkxhZmBqPRGmxgu+qFKSInv8moZ2AmT5Yib3EQ1c6gp493HvrvV8QgdOXdyaIBrhvFhBMQ==",
            "cpu": [
                "arm"
            ],
            "license": "Apache-2.0",
            "optional": true,
            "os": [
                "linux"
            ],
            "engines": {
                "node": "^18.17.0 || ^20.3.0 || >=21.0.0"
            },
            "funding": {
                "url": "https://opencollective.com/libvips"
            },
            "optionalDependencies": {
                "@img/sharp-libvips-linux-arm": "1.0.5"
            }
        },
        "node_modules/@img/sharp-linux-arm64": {
            "version": "0.33.5",
            "resolved": "https://registry.npmjs.org/@img/sharp-linux-arm64/-/sharp-linux-arm64-0.33.5.tgz",
            "integrity": "sha512-JMVv+AMRyGOHtO1RFBiJy/MBsgz0x4AWrT6QoEVVTyh1E39TrCUpTRI7mx9VksGX4awWASxqCYLCV4wBZHAYxA==",
            "cpu": [
                "arm64"
            ],
            "license": "Apache-2.0",
            "optional": true,
            "os": [
                "linux"
            ],
            "engines": {
                "node": "^18.17.0 || ^20.3.0 || >=21.0.0"
            },
            "funding": {
                "url": "https://opencollective.com/libvips"
            },
            "optionalDependencies": {
                "@img/sharp-libvips-linux-arm64": "1.0.4"
            }
        },
        "node_modules/@img/sharp-linux-s390x": {
            "version": "0.33.5",
            "resolved": "https://registry.npmjs.org/@img/sharp-linux-s390x/-/sharp-linux-s390x-0.33.5.tgz",
            "integrity": "sha512-y/5PCd+mP4CA/sPDKl2961b+C9d+vPAveS33s6Z3zfASk2j5upL6fXVPZi7ztePZ5CuH+1kW8JtvxgbuXHRa4Q==",
            "cpu": [
                "s390x"
            ],
            "license": "Apache-2.0",
            "optional": true,
            "os": [
                "linux"
            ],
            "engines": {
                "node": "^18.17.0 || ^20.3.0 || >=21.0.0"
            },
            "funding": {
                "url": "https://opencollective.com/libvips"
            },
            "optionalDependencies": {
                "@img/sharp-libvips-linux-s390x": "1.0.4"
            }
        },
        "node_modules/@img/sharp-linux-x64": {
            "version": "0.33.5",
            "resolved": "https://registry.npmjs.org/@img/sharp-linux-x64/-/sharp-linux-x64-0.33.5.tgz",
            "integrity": "sha512-opC+Ok5pRNAzuvq1AG0ar+1owsu842/Ab+4qvU879ippJBHvyY5n2mxF1izXqkPYlGuP/M556uh53jRLJmzTWA==",
            "cpu": [
                "x64"
            ],
            "license": "Apache-2.0",
            "optional": true,
            "os": [
                "linux"
            ],
            "engines": {
                "node": "^18.17.0 || ^20.3.0 || >=21.0.0"
            },
            "funding": {
                "url": "https://opencollective.com/libvips"
            },
            "optionalDependencies": {
                "@img/sharp-libvips-linux-x64": "1.0.4"
            }
        },
        "node_modules/@img/sharp-linuxmusl-arm64": {
            "version": "0.33.5",
            "resolved": "https://registry.npmjs.org/@img/sharp-linuxmusl-arm64/-/sharp-linuxmusl-arm64-0.33.5.tgz",
            "integrity": "sha512-XrHMZwGQGvJg2V/oRSUfSAfjfPxO+4DkiRh6p2AFjLQztWUuY/o8Mq0eMQVIY7HJ1CDQUJlxGGZRw1a5bqmd1g==",
            "cpu": [
                "arm64"
            ],
            "license": "Apache-2.0",
            "optional": true,
            "os": [
                "linux"
            ],
            "engines": {
                "node": "^18.17.0 || ^20.3.0 || >=21.0.0"
            },
            "funding": {
                "url": "https://opencollective.com/libvips"
            },
            "optionalDependencies": {
                "@img/sharp-libvips-linuxmusl-arm64": "1.0.4"
            }
        },
        "node_modules/@img/sharp-linuxmusl-x64": {
            "version": "0.33.5",
            "resolved": "https://registry.npmjs.org/@img/sharp-linuxmusl-x64/-/sharp-linuxmusl-x64-0.33.5.tgz",
            "integrity": "sha512-WT+d/cgqKkkKySYmqoZ8y3pxx7lx9vVejxW/W4DOFMYVSkErR+w7mf2u8m/y4+xHe7yY9DAXQMWQhpnMuFfScw==",
            "cpu": [
                "x64"
            ],
            "license": "Apache-2.0",
            "optional": true,
            "os": [
                "linux"
            ],
            "engines": {
                "node": "^18.17.0 || ^20.3.0 || >=21.0.0"
            },
            "funding": {
                "url": "https://opencollective.com/libvips"
            },
            "optionalDependencies": {
                "@img/sharp-libvips-linuxmusl-x64": "1.0.4"
            }
        },
        "node_modules/@img/sharp-wasm32": {
            "version": "0.33.5",
            "resolved": "https://registry.npmjs.org/@img/sharp-wasm32/-/sharp-wasm32-0.33.5.tgz",
            "integrity": "sha512-ykUW4LVGaMcU9lu9thv85CbRMAwfeadCJHRsg2GmeRa/cJxsVY9Rbd57JcMxBkKHag5U/x7TSBpScF4U8ElVzg==",
            "cpu": [
                "wasm32"
            ],
            "license": "Apache-2.0 AND LGPL-3.0-or-later AND MIT",
            "optional": true,
            "dependencies": {
                "@emnapi/runtime": "^1.2.0"
            },
            "engines": {
                "node": "^18.17.0 || ^20.3.0 || >=21.0.0"
            },
            "funding": {
                "url": "https://opencollective.com/libvips"
            }
        },
        "node_modules/@img/sharp-win32-ia32": {
            "version": "0.33.5",
            "resolved": "https://registry.npmjs.org/@img/sharp-win32-ia32/-/sharp-win32-ia32-0.33.5.tgz",
            "integrity": "sha512-T36PblLaTwuVJ/zw/LaH0PdZkRz5rd3SmMHX8GSmR7vtNSP5Z6bQkExdSK7xGWyxLw4sUknBuugTelgw2faBbQ==",
            "cpu": [
                "ia32"
            ],
            "license": "Apache-2.0 AND LGPL-3.0-or-later",
            "optional": true,
            "os": [
                "win32"
            ],
            "engines": {
                "node": "^18.17.0 || ^20.3.0 || >=21.0.0"
            },
            "funding": {
                "url": "https://opencollective.com/libvips"
            }
        },
        "node_modules/@img/sharp-win32-x64": {
            "version": "0.33.5",
            "resolved": "https://registry.npmjs.org/@img/sharp-win32-x64/-/sharp-win32-x64-0.33.5.tgz",
            "integrity": "sha512-MpY/o8/8kj+EcnxwvrP4aTJSWw/aZ7JIGR4aBeZkZw5B7/Jn+tY9/VNwtcoGmdT7GfggGIU4kygOMSbYnOrAbg==",
            "cpu": [
                "x64"
            ],
            "license": "Apache-2.0 AND LGPL-3.0-or-later",
            "optional": true,
            "os": [
                "win32"
            ],
            "engines": {
                "node": "^18.17.0 || ^20.3.0 || >=21.0.0"
            },
            "funding": {
                "url": "https://opencollective.com/libvips"
            }
        },
        "node_modules/@lukeed/ms": {
            "version": "2.0.2",
            "license": "MIT",
            "engines": {
                "node": ">=8"
            }
        },
        "node_modules/@pinojs/redact": {
            "version": "0.4.0",
            "license": "MIT"
        },
        "node_modules/@supabase/auth-js": {
            "version": "2.101.1",
            "license": "MIT",
            "dependencies": {
                "tslib": "2.8.1"
            },
            "engines": {
                "node": ">=20.0.0"
            }
        },
        "node_modules/@supabase/functions-js": {
            "version": "2.101.1",
            "license": "MIT",
            "dependencies": {
                "tslib": "2.8.1"
            },
            "engines": {
                "node": ">=20.0.0"
            }
        },
        "node_modules/@supabase/phoenix": {
            "version": "0.4.0",
            "license": "MIT"
        },
        "node_modules/@supabase/postgrest-js": {
            "version": "2.101.1",
            "license": "MIT",
            "dependencies": {
                "tslib": "2.8.1"
            },
            "engines": {
                "node": ">=20.0.0"
            }
        },
        "node_modules/@supabase/realtime-js": {
            "version": "2.101.1",
            "license": "MIT",
            "dependencies": {
                "@supabase/phoenix": "^0.4.0",
                "@types/ws": "^8.18.1",
                "tslib": "2.8.1",
                "ws": "^8.18.2"
            },
            "engines": {
                "node": ">=20.0.0"
            }
        },
        "node_modules/@supabase/storage-js": {
            "version": "2.101.1",
            "license": "MIT",
            "dependencies": {
                "iceberg-js": "^0.8.1",
                "tslib": "2.8.1"
            },
            "engines": {
                "node": ">=20.0.0"
            }
        },
        "node_modules/@supabase/supabase-js": {
            "version": "2.101.1",
            "license": "MIT",
            "dependencies": {
                "@supabase/auth-js": "2.101.1",
                "@supabase/functions-js": "2.101.1",
                "@supabase/postgrest-js": "2.101.1",
                "@supabase/realtime-js": "2.101.1",
                "@supabase/storage-js": "2.101.1"
            },
            "engines": {
                "node": ">=20.0.0"
            }
        },
        "node_modules/@types/node": {
            "version": "22.19.17",
            "license": "MIT",
            "dependencies": {
                "undici-types": "~6.21.0"
            }
        },
        "node_modules/@types/ws": {
            "version": "8.18.1",
            "license": "MIT",
            "dependencies": {
                "@types/node": "*"
            }
        },
        "node_modules/abstract-logging": {
            "version": "2.0.1",
            "license": "MIT"
        },
        "node_modules/ajv": {
            "version": "8.18.0",
            "license": "MIT",
            "dependencies": {
                "fast-deep-equal": "^3.1.3",
                "fast-uri": "^3.0.1",
                "json-schema-traverse": "^1.0.0",
                "require-from-string": "^2.0.2"
            },
            "funding": {
                "type": "github",
                "url": "https://github.com/sponsors/epoberezkin"
            }
        },
        "node_modules/ajv-formats": {
            "version": "2.1.1",
            "license": "MIT",
            "dependencies": {
                "ajv": "^8.0.0"
            },
            "peerDependencies": {
                "ajv": "^8.0.0"
            },
            "peerDependenciesMeta": {
                "ajv": {
                    "optional": true
                }
            }
        },
        "node_modules/ajv/node_modules/fast-uri": {
            "version": "3.1.0",
            "funding": [
                {
                    "type": "github",
                    "url": "https://github.com/sponsors/fastify"
                },
                {
                    "type": "opencollective",
                    "url": "https://opencollective.com/fastify"
                }
            ],
            "license": "BSD-3-Clause"
        },
        "node_modules/asn1.js": {
            "version": "5.4.1",
            "license": "MIT",
            "dependencies": {
                "bn.js": "^4.0.0",
                "inherits": "^2.0.1",
                "minimalistic-assert": "^1.0.0",
                "safer-buffer": "^2.1.0"
            }
        },
        "node_modules/atomic-sleep": {
            "version": "1.0.0",
            "license": "MIT",
            "engines": {
                "node": ">=8.0.0"
            }
        },
        "node_modules/avvio": {
            "version": "8.4.0",
            "license": "MIT",
            "dependencies": {
                "@fastify/error": "^3.3.0",
                "fastq": "^1.17.1"
            }
        },
        "node_modules/bn.js": {
            "version": "4.12.3",
            "license": "MIT"
        },
        "node_modules/color": {
            "version": "4.2.3",
            "resolved": "https://registry.npmjs.org/color/-/color-4.2.3.tgz",
            "integrity": "sha512-1rXeuUUiGGrykh+CeBdu5Ie7OJwinCgQY0bc7GCRxy5xVHy+moaqkpL/jqQq0MtQOeYcrqEz4abc5f0KtU7W4A==",
            "license": "MIT",
            "dependencies": {
                "color-convert": "^2.0.1",
                "color-string": "^1.9.0"
            },
            "engines": {
                "node": ">=12.5.0"
            }
        },
        "node_modules/color-convert": {
            "version": "2.0.1",
            "resolved": "https://registry.npmjs.org/color-convert/-/color-convert-2.0.1.tgz",
            "integrity": "sha512-RRECPsj7iu/xb5oKYcsFHSppFNnsj/52OVTRKb4zP5onXwVF3zVmmToNcOfGC+CRDpfK/U584fMg38ZHCaElKQ==",
            "license": "MIT",
            "dependencies": {
                "color-name": "~1.1.4"
            },
            "engines": {
                "node": ">=7.0.0"
            }
        },
        "node_modules/color-name": {
            "version": "1.1.4",
            "resolved": "https://registry.npmjs.org/color-name/-/color-name-1.1.4.tgz",
            "integrity": "sha512-dOy+3AuW3a2wNbZHIuMZpTcgjGuLU/uBL/ubcZF9OXbDo8ff4O8yVp5Bf0efS8uEoYo5q4Fx7dY9OgQGXgAsQA==",
            "license": "MIT"
        },
        "node_modules/color-string": {
            "version": "1.9.1",
            "resolved": "https://registry.npmjs.org/color-string/-/color-string-1.9.1.tgz",
            "integrity": "sha512-shrVawQFojnZv6xM40anx4CkoDP+fZsw/ZerEMsW/pyzsRbElpsL/DBVW7q3ExxwusdNXI3lXpuhEZkzs8p5Eg==",
            "license": "MIT",
            "dependencies": {
                "color-name": "^1.0.0",
                "simple-swizzle": "^0.2.2"
            }
        },
        "node_modules/cookie": {
            "version": "0.7.2",
            "license": "MIT",
            "engines": {
                "node": ">= 0.6"
            }
        },
        "node_modules/cookie-signature": {
            "version": "1.2.2",
            "license": "MIT",
            "engines": {
                "node": ">=6.6.0"
            }
        },
        "node_modules/depd": {
            "version": "2.0.0",
            "license": "MIT",
            "engines": {
                "node": ">= 0.8"
            }
        },
        "node_modules/detect-libc": {
            "version": "2.1.2",
            "resolved": "https://registry.npmjs.org/detect-libc/-/detect-libc-2.1.2.tgz",
            "integrity": "sha512-Btj2BOOO83o3WyH59e8MgXsxEQVcarkUOpEYrubB0urwnN10yQ364rsiByU11nZlqWYZm05i/of7io4mzihBtQ==",
            "license": "Apache-2.0",
            "engines": {
                "node": ">=8"
            }
        },
        "node_modules/dotenv": {
            "version": "16.6.1",
            "license": "BSD-2-Clause",
            "engines": {
                "node": ">=12"
            },
            "funding": {
                "url": "https://dotenvx.com"
            }
        },
        "node_modules/ecdsa-sig-formatter": {
            "version": "1.0.11",
            "license": "Apache-2.0",
            "dependencies": {
                "safe-buffer": "^5.0.1"
            }
        },
        "node_modules/esbuild": {
            "version": "0.27.7",
            "dev": true,
            "hasInstallScript": true,
            "license": "MIT",
            "bin": {
                "esbuild": "bin/esbuild"
            },
            "engines": {
                "node": ">=18"
            },
            "optionalDependencies": {
                "@esbuild/aix-ppc64": "0.27.7",
                "@esbuild/android-arm": "0.27.7",
                "@esbuild/android-arm64": "0.27.7",
                "@esbuild/android-x64": "0.27.7",
                "@esbuild/darwin-arm64": "0.27.7",
                "@esbuild/darwin-x64": "0.27.7",
                "@esbuild/freebsd-arm64": "0.27.7",
                "@esbuild/freebsd-x64": "0.27.7",
                "@esbuild/linux-arm": "0.27.7",
                "@esbuild/linux-arm64": "0.27.7",
                "@esbuild/linux-ia32": "0.27.7",
                "@esbuild/linux-loong64": "0.27.7",
                "@esbuild/linux-mips64el": "0.27.7",
                "@esbuild/linux-ppc64": "0.27.7",
                "@esbuild/linux-riscv64": "0.27.7",
                "@esbuild/linux-s390x": "0.27.7",
                "@esbuild/linux-x64": "0.27.7",
                "@esbuild/netbsd-arm64": "0.27.7",
                "@esbuild/netbsd-x64": "0.27.7",
                "@esbuild/openbsd-arm64": "0.27.7",
                "@esbuild/openbsd-x64": "0.27.7",
                "@esbuild/openharmony-arm64": "0.27.7",
                "@esbuild/sunos-x64": "0.27.7",
                "@esbuild/win32-arm64": "0.27.7",
                "@esbuild/win32-ia32": "0.27.7",
                "@esbuild/win32-x64": "0.27.7"
            }
        },
        "node_modules/fast-content-type-parse": {
            "version": "1.1.0",
            "license": "MIT"
        },
        "node_modules/fast-decode-uri-component": {
            "version": "1.0.1",
            "license": "MIT"
        },
        "node_modules/fast-deep-equal": {
            "version": "3.1.3",
            "license": "MIT"
        },
        "node_modules/fast-json-stringify": {
            "version": "5.16.1",
            "license": "MIT",
            "dependencies": {
                "@fastify/merge-json-schemas": "^0.1.0",
                "ajv": "^8.10.0",
                "ajv-formats": "^3.0.1",
                "fast-deep-equal": "^3.1.3",
                "fast-uri": "^2.1.0",
                "json-schema-ref-resolver": "^1.0.1",
                "rfdc": "^1.2.0"
            }
        },
        "node_modules/fast-json-stringify/node_modules/ajv-formats": {
            "version": "3.0.1",
            "license": "MIT",
            "dependencies": {
                "ajv": "^8.0.0"
            },
            "peerDependencies": {
                "ajv": "^8.0.0"
            },
            "peerDependenciesMeta": {
                "ajv": {
                    "optional": true
                }
            }
        },
        "node_modules/fast-jwt": {
            "version": "6.1.0",
            "license": "Apache-2.0",
            "dependencies": {
                "@lukeed/ms": "^2.0.2",
                "asn1.js": "^5.4.1",
                "ecdsa-sig-formatter": "^1.0.11",
                "mnemonist": "^0.40.0"
            },
            "engines": {
                "node": ">=20"
            }
        },
        "node_modules/fast-jwt/node_modules/mnemonist": {
            "version": "0.40.3",
            "license": "MIT",
            "dependencies": {
                "obliterator": "^2.0.4"
            }
        },
        "node_modules/fast-querystring": {
            "version": "1.1.2",
            "license": "MIT",
            "dependencies": {
                "fast-decode-uri-component": "^1.0.1"
            }
        },
        "node_modules/fast-uri": {
            "version": "2.4.0",
            "license": "MIT"
        },
        "node_modules/fastify": {
            "version": "4.29.1",
            "funding": [
                {
                    "type": "github",
                    "url": "https://github.com/sponsors/fastify"
                },
                {
                    "type": "opencollective",
                    "url": "https://opencollective.com/fastify"
                }
            ],
            "license": "MIT",
            "dependencies": {
                "@fastify/ajv-compiler": "^3.5.0",
                "@fastify/error": "^3.4.0",
                "@fastify/fast-json-stringify-compiler": "^4.3.0",
                "abstract-logging": "^2.0.1",
                "avvio": "^8.3.0",
                "fast-content-type-parse": "^1.1.0",
                "fast-json-stringify": "^5.8.0",
                "find-my-way": "^8.0.0",
                "light-my-request": "^5.11.0",
                "pino": "^9.0.0",
                "process-warning": "^3.0.0",
                "proxy-addr": "^2.0.7",
                "rfdc": "^1.3.0",
                "secure-json-parse": "^2.7.0",
                "semver": "^7.5.4",
                "toad-cache": "^3.3.0"
            }
        },
        "node_modules/fastify-plugin": {
            "version": "4.5.1",
            "license": "MIT"
        },
        "node_modules/fastq": {
            "version": "1.20.1",
            "license": "ISC",
            "dependencies": {
                "reusify": "^1.0.4"
            }
        },
        "node_modules/find-my-way": {
            "version": "8.2.2",
            "license": "MIT",
            "dependencies": {
                "fast-deep-equal": "^3.1.3",
                "fast-querystring": "^1.0.0",
                "safe-regex2": "^3.1.0"
            },
            "engines": {
                "node": ">=14"
            }
        },
        "node_modules/forwarded": {
            "version": "0.2.0",
            "license": "MIT",
            "engines": {
                "node": ">= 0.6"
            }
        },
        "node_modules/get-tsconfig": {
            "version": "4.13.7",
            "dev": true,
            "license": "MIT",
            "dependencies": {
                "resolve-pkg-maps": "^1.0.0"
            },
            "funding": {
                "url": "https://github.com/privatenumber/get-tsconfig?sponsor=1"
            }
        },
        "node_modules/http-errors": {
            "version": "2.0.1",
            "license": "MIT",
            "dependencies": {
                "depd": "~2.0.0",
                "inherits": "~2.0.4",
                "setprototypeof": "~1.2.0",
                "statuses": "~2.0.2",
                "toidentifier": "~1.0.1"
            },
            "engines": {
                "node": ">= 0.8"
            },
            "funding": {
                "type": "opencollective",
                "url": "https://opencollective.com/express"
            }
        },
        "node_modules/iceberg-js": {
            "version": "0.8.1",
            "license": "MIT",
            "engines": {
                "node": ">=20.0.0"
            }
        },
        "node_modules/inherits": {
            "version": "2.0.4",
            "license": "ISC"
        },
        "node_modules/ipaddr.js": {
            "version": "1.9.1",
            "license": "MIT",
            "engines": {
                "node": ">= 0.10"
            }
        },
        "node_modules/is-arrayish": {
            "version": "0.3.4",
            "resolved": "https://registry.npmjs.org/is-arrayish/-/is-arrayish-0.3.4.tgz",
            "integrity": "sha512-m6UrgzFVUYawGBh1dUsWR5M2Clqic9RVXC/9f8ceNlv2IcO9j9J/z8UoCLPqtsPBFNzEpfR3xftohbfqDx8EQA==",
            "license": "MIT"
        },
        "node_modules/jose": {
            "version": "4.15.9",
            "license": "MIT",
            "funding": {
                "url": "https://github.com/sponsors/panva"
            }
        },
        "node_modules/json-schema-ref-resolver": {
            "version": "1.0.1",
            "license": "MIT",
            "dependencies": {
                "fast-deep-equal": "^3.1.3"
            }
        },
        "node_modules/json-schema-traverse": {
            "version": "1.0.0",
            "license": "MIT"
        },
        "node_modules/light-my-request": {
            "version": "5.14.0",
            "license": "BSD-3-Clause",
            "dependencies": {
                "cookie": "^0.7.0",
                "process-warning": "^3.0.0",
                "set-cookie-parser": "^2.4.1"
            }
        },
        "node_modules/lru-cache": {
            "version": "6.0.0",
            "license": "ISC",
            "dependencies": {
                "yallist": "^4.0.0"
            },
            "engines": {
                "node": ">=10"
            }
        },
        "node_modules/media-typer": {
            "version": "0.3.0",
            "license": "MIT",
            "engines": {
                "node": ">= 0.6"
            }
        },
        "node_modules/mime-db": {
            "version": "1.52.0",
            "license": "MIT",
            "engines": {
                "node": ">= 0.6"
            }
        },
        "node_modules/mime-types": {
            "version": "2.1.35",
            "license": "MIT",
            "dependencies": {
                "mime-db": "1.52.0"
            },
            "engines": {
                "node": ">= 0.6"
            }
        },
        "node_modules/minimalistic-assert": {
            "version": "1.0.1",
            "license": "ISC"
        },
        "node_modules/mnemonist": {
            "version": "0.39.6",
            "license": "MIT",
            "dependencies": {
                "obliterator": "^2.0.1"
            }
        },
        "node_modules/ms": {
            "version": "2.1.3",
            "license": "MIT"
        },
        "node_modules/object-hash": {
            "version": "2.2.0",
            "license": "MIT",
            "engines": {
                "node": ">= 6"
            }
        },
        "node_modules/obliterator": {
            "version": "2.0.5",
            "license": "MIT"
        },
        "node_modules/oidc-token-hash": {
            "version": "5.2.0",
            "license": "MIT",
            "engines": {
                "node": "^10.13.0 || >=12.0.0"
            }
        },
        "node_modules/on-exit-leak-free": {
            "version": "2.1.2",
            "license": "MIT",
            "engines": {
                "node": ">=14.0.0"
            }
        },
        "node_modules/openid-client": {
            "version": "5.7.1",
            "license": "MIT",
            "dependencies": {
                "jose": "^4.15.9",
                "lru-cache": "^6.0.0",
                "object-hash": "^2.2.0",
                "oidc-token-hash": "^5.0.3"
            },
            "funding": {
                "url": "https://github.com/sponsors/panva"
            }
        },
        "node_modules/pino": {
            "version": "9.14.0",
            "license": "MIT",
            "dependencies": {
                "@pinojs/redact": "^0.4.0",
                "atomic-sleep": "^1.0.0",
                "on-exit-leak-free": "^2.1.0",
                "pino-abstract-transport": "^2.0.0",
                "pino-std-serializers": "^7.0.0",
                "process-warning": "^5.0.0",
                "quick-format-unescaped": "^4.0.3",
                "real-require": "^0.2.0",
                "safe-stable-stringify": "^2.3.1",
                "sonic-boom": "^4.0.1",
                "thread-stream": "^3.0.0"
            },
            "bin": {
                "pino": "bin.js"
            }
        },
        "node_modules/pino-abstract-transport": {
            "version": "2.0.0",
            "license": "MIT",
            "dependencies": {
                "split2": "^4.0.0"
            }
        },
        "node_modules/pino-std-serializers": {
            "version": "7.1.0",
            "license": "MIT"
        },
        "node_modules/pino/node_modules/process-warning": {
            "version": "5.0.0",
            "funding": [
                {
                    "type": "github",
                    "url": "https://github.com/sponsors/fastify"
                },
                {
                    "type": "opencollective",
                    "url": "https://opencollective.com/fastify"
                }
            ],
            "license": "MIT"
        },
        "node_modules/process-warning": {
            "version": "3.0.0",
            "license": "MIT"
        },
        "node_modules/proxy-addr": {
            "version": "2.0.7",
            "license": "MIT",
            "dependencies": {
                "forwarded": "0.2.0",
                "ipaddr.js": "1.9.1"
            },
            "engines": {
                "node": ">= 0.10"
            }
        },
        "node_modules/quick-format-unescaped": {
            "version": "4.0.4",
            "license": "MIT"
        },
        "node_modules/real-require": {
            "version": "0.2.0",
            "license": "MIT",
            "engines": {
                "node": ">= 12.13.0"
            }
        },
        "node_modules/require-from-string": {
            "version": "2.0.2",
            "license": "MIT",
            "engines": {
                "node": ">=0.10.0"
            }
        },
        "node_modules/resolve-pkg-maps": {
            "version": "1.0.0",
            "dev": true,
            "license": "MIT",
            "funding": {
                "url": "https://github.com/privatenumber/resolve-pkg-maps?sponsor=1"
            }
        },
        "node_modules/ret": {
            "version": "0.4.3",
            "license": "MIT",
            "engines": {
                "node": ">=10"
            }
        },
        "node_modules/reusify": {
            "version": "1.1.0",
            "license": "MIT",
            "engines": {
                "iojs": ">=1.0.0",
                "node": ">=0.10.0"
            }
        },
        "node_modules/rfdc": {
            "version": "1.4.1",
            "license": "MIT"
        },
        "node_modules/safe-buffer": {
            "version": "5.2.1",
            "funding": [
                {
                    "type": "github",
                    "url": "https://github.com/sponsors/feross"
                },
                {
                    "type": "patreon",
                    "url": "https://www.patreon.com/feross"
                },
                {
                    "type": "consulting",
                    "url": "https://feross.org/support"
                }
            ],
            "license": "MIT"
        },
        "node_modules/safe-regex2": {
            "version": "3.1.0",
            "license": "MIT",
            "dependencies": {
                "ret": "~0.4.0"
            }
        },
        "node_modules/safe-stable-stringify": {
            "version": "2.5.0",
            "license": "MIT",
            "engines": {
                "node": ">=10"
            }
        },
        "node_modules/safer-buffer": {
            "version": "2.1.2",
            "license": "MIT"
        },
        "node_modules/secure-json-parse": {
            "version": "2.7.0",
            "license": "BSD-3-Clause"
        },
        "node_modules/semver": {
            "version": "7.7.4",
            "license": "ISC",
            "bin": {
                "semver": "bin/semver.js"
            },
            "engines": {
                "node": ">=10"
            }
        },
        "node_modules/set-cookie-parser": {
            "version": "2.7.2",
            "license": "MIT"
        },
        "node_modules/setprototypeof": {
            "version": "1.2.0",
            "license": "ISC"
        },
        "node_modules/sharp": {
            "version": "0.33.5",
            "resolved": "https://registry.npmjs.org/sharp/-/sharp-0.33.5.tgz",
            "integrity": "sha512-haPVm1EkS9pgvHrQ/F3Xy+hgcuMV0Wm9vfIBSiwZ05k+xgb0PkBQpGsAA/oWdDobNaZTH5ppvHtzCFbnSEwHVw==",
            "hasInstallScript": true,
            "license": "Apache-2.0",
            "dependencies": {
                "color": "^4.2.3",
                "detect-libc": "^2.0.3",
                "semver": "^7.6.3"
            },
            "engines": {
                "node": "^18.17.0 || ^20.3.0 || >=21.0.0"
            },
            "funding": {
                "url": "https://opencollective.com/libvips"
            },
            "optionalDependencies": {
                "@img/sharp-darwin-arm64": "0.33.5",
                "@img/sharp-darwin-x64": "0.33.5",
                "@img/sharp-libvips-darwin-arm64": "1.0.4",
                "@img/sharp-libvips-darwin-x64": "1.0.4",
                "@img/sharp-libvips-linux-arm": "1.0.5",
                "@img/sharp-libvips-linux-arm64": "1.0.4",
                "@img/sharp-libvips-linux-s390x": "1.0.4",
                "@img/sharp-libvips-linux-x64": "1.0.4",
                "@img/sharp-libvips-linuxmusl-arm64": "1.0.4",
                "@img/sharp-libvips-linuxmusl-x64": "1.0.4",
                "@img/sharp-linux-arm": "0.33.5",
                "@img/sharp-linux-arm64": "0.33.5",
                "@img/sharp-linux-s390x": "0.33.5",
                "@img/sharp-linux-x64": "0.33.5",
                "@img/sharp-linuxmusl-arm64": "0.33.5",
                "@img/sharp-linuxmusl-x64": "0.33.5",
                "@img/sharp-wasm32": "0.33.5",
                "@img/sharp-win32-ia32": "0.33.5",
                "@img/sharp-win32-x64": "0.33.5"
            }
        },
        "node_modules/simple-swizzle": {
            "version": "0.2.4",
            "resolved": "https://registry.npmjs.org/simple-swizzle/-/simple-swizzle-0.2.4.tgz",
            "integrity": "sha512-nAu1WFPQSMNr2Zn9PGSZK9AGn4t/y97lEm+MXTtUDwfP0ksAIX4nO+6ruD9Jwut4C49SB1Ws+fbXsm/yScWOHw==",
            "license": "MIT",
            "dependencies": {
                "is-arrayish": "^0.3.1"
            }
        },
        "node_modules/sonic-boom": {
            "version": "4.2.1",
            "license": "MIT",
            "dependencies": {
                "atomic-sleep": "^1.0.0"
            }
        },
        "node_modules/split2": {
            "version": "4.2.0",
            "license": "ISC",
            "engines": {
                "node": ">= 10.x"
            }
        },
        "node_modules/statuses": {
            "version": "2.0.2",
            "license": "MIT",
            "engines": {
                "node": ">= 0.8"
            }
        },
        "node_modules/thread-stream": {
            "version": "3.1.0",
            "license": "MIT",
            "dependencies": {
                "real-require": "^0.2.0"
            }
        },
        "node_modules/tiny-lru": {
            "version": "11.4.7",
            "license": "BSD-3-Clause",
            "engines": {
                "node": ">=12"
            }
        },
        "node_modules/toad-cache": {
            "version": "3.7.0",
            "license": "MIT",
            "engines": {
                "node": ">=12"
            }
        },
        "node_modules/toidentifier": {
            "version": "1.0.1",
            "license": "MIT",
            "engines": {
                "node": ">=0.6"
            }
        },
        "node_modules/tslib": {
            "version": "2.8.1",
            "license": "0BSD"
        },
        "node_modules/tsx": {
            "version": "4.21.0",
            "dev": true,
            "license": "MIT",
            "dependencies": {
                "esbuild": "~0.27.0",
                "get-tsconfig": "^4.7.5"
            },
            "bin": {
                "tsx": "dist/cli.mjs"
            },
            "engines": {
                "node": ">=18.0.0"
            },
            "optionalDependencies": {
                "fsevents": "~2.3.3"
            }
        },
        "node_modules/type-is": {
            "version": "1.6.18",
            "license": "MIT",
            "dependencies": {
                "media-typer": "0.3.0",
                "mime-types": "~2.1.24"
            },
            "engines": {
                "node": ">= 0.6"
            }
        },
        "node_modules/typescript": {
            "version": "5.9.3",
            "dev": true,
            "license": "Apache-2.0",
            "bin": {
                "tsc": "bin/tsc",
                "tsserver": "bin/tsserver"
            },
            "engines": {
                "node": ">=14.17"
            }
        },
        "node_modules/undici-types": {
            "version": "6.21.0",
            "license": "MIT"
        },
        "node_modules/vary": {
            "version": "1.1.2",
            "license": "MIT",
            "engines": {
                "node": ">= 0.8"
            }
        },
        "node_modules/ws": {
            "version": "8.20.0",
            "license": "MIT",
            "engines": {
                "node": ">=10.0.0"
            },
            "peerDependencies": {
                "bufferutil": "^4.0.1",
                "utf-8-validate": ">=5.0.2"
            },
            "peerDependenciesMeta": {
                "bufferutil": {
                    "optional": true
                },
                "utf-8-validate": {
                    "optional": true
                }
            }
        },
        "node_modules/yallist": {
            "version": "4.0.0",
            "license": "ISC"
        },
        "node_modules/zod": {
            "version": "3.25.76",
            "license": "MIT",
            "funding": {
                "url": "https://github.com/sponsors/colinhacks"
            }
        }
    }
}
